
Microsoft Visual Studio Solution File, Format Version 12.00
# Visual Studio 14
VisualStudioVersion = 14.0.25420.1
MinimumVisualStudioVersion = 10.0.40219.1
Project("{FAE04EC0-301F-11D3-BF4B-00C04F79EFBC}") = "App2", "App2\App2\App2.csproj", "{30B0B14B-1BB9-4F4A-B1C0-E0A02846CD6C}"
EndProject
Project("{FAE04EC0-301F-11D3-BF4B-00C04F79EFBC}") = "App2.Droid", "App2\App2.Droid\App2.Droid.csproj", "{F6FFD4A3-B056-45DF-AF38-EE43EBADAD71}"
EndProject
Project("{FAE04EC0-301F-11D3-BF4B-00C04F79EFBC}") = "App2.iOS", "App2\App2.iOS\App2.iOS.csproj", "{18C955F3-53A0-4691-9E9B-0F9E93036FEA}"
EndProject
Project("{FAE04EC0-301F-11D3-BF4B-00C04F79EFBC}") = "App2.WinPhone", "App2\App2.WinPhone\App2.WinPhone.csproj", "{09ECF6EC-5AA9-45B5-ACF1-1456955D32B4}"
EndProject
Project("{FAE04EC0-301F-11D3-BF4B-00C04F79EFBC}") = "App2.Windows", "App2\App2.Windows\App2.Windows.csproj", "{310D2525-36A3-4C9D-A4FF-431224E949BD}"
EndProject
Global
	GlobalSection(SolutionConfigurationPlatforms) = preSolution
		Ad-Hoc|Any CPU = Ad-Hoc|Any CPU
		Ad-Hoc|ARM = Ad-Hoc|ARM
		Ad-Hoc|iPhone = Ad-Hoc|iPhone
		Ad-Hoc|iPhoneSimulator = Ad-Hoc|iPhoneSimulator
		Ad-Hoc|x64 = Ad-Hoc|x64
		Ad-Hoc|x86 = Ad-Hoc|x86
		AppStore|Any CPU = AppStore|Any CPU
		AppStore|ARM = AppStore|ARM
		AppStore|iPhone = AppStore|iPhone
		AppStore|iPhoneSimulator = AppStore|iPhoneSimulator
		AppStore|x64 = AppStore|x64
		AppStore|x86 = AppStore|x86
		Debug|Any CPU = Debug|Any CPU
		Debug|ARM = Debug|ARM
		Debug|iPhone = Debug|iPhone
		Debug|iPhoneSimulator = Debug|iPhoneSimulator
		Debug|x64 = Debug|x64
		Debug|x86 = Debug|x86
		Release|Any CPU = Release|Any CPU
		Release|ARM = Release|ARM
		Release|iPhone = Release|iPhone
		Release|iPhoneSimulator = Release|iPhoneSimulator
		Release|x64 = Release|x64
		Release|x86 = Release|x86
	EndGlobalSection
	GlobalSection(ProjectConfigurationPlatforms) = postSolution
		{30B0B14B-1BB9-4F4A-B1C0-E0A02846CD6C}.Ad-Hoc|Any CPU.ActiveCfg = Release|Any CPU
		{30B0B14B-1BB9-4F4A-B1C0-E0A02846CD6C}.Ad-Hoc|Any CPU.Build.0 = Release|Any CPU
		{30B0B14B-1BB9-4F4A-B1C0-E0A02846CD6C}.Ad-Hoc|ARM.ActiveCfg = Release|Any CPU
		{30B0B14B-1BB9-4F4A-B1C0-E0A02846CD6C}.Ad-Hoc|ARM.Build.0 = Release|Any CPU
		{30B0B14B-1BB9-4F4A-B1C0-E0A02846CD6C}.Ad-Hoc|iPhone.ActiveCfg = Release|Any CPU
		{30B0B14B-1BB9-4F4A-B1C0-E0A02846CD6C}.Ad-Hoc|iPhone.Build.0 = Release|Any CPU
		{30B0B14B-1BB9-4F4A-B1C0-E0A02846CD6C}.Ad-Hoc|iPhoneSimulator.ActiveCfg = Release|Any CPU
		{30B0B14B-1BB9-4F4A-B1C0-E0A02846CD6C}.Ad-Hoc|iPhoneSimulator.Build.0 = Release|Any CPU
		{30B0B14B-1BB9-4F4A-B1C0-E0A02846CD6C}.Ad-Hoc|x64.ActiveCfg = Release|Any CPU
		{30B0B14B-1BB9-4F4A-B1C0-E0A02846CD6C}.Ad-Hoc|x64.Build.0 = Release|Any CPU
		{30B0B14B-1BB9-4F4A-B1C0-E0A02846CD6C}.Ad-Hoc|x86.ActiveCfg = Release|Any CPU
		{30B0B14B-1BB9-4F4A-B1C0-E0A02846CD6C}.Ad-Hoc|x86.Build.0 = Release|Any CPU
		{30B0B14B-1BB9-4F4A-B1C0-E0A02846CD6C}.AppStore|Any CPU.ActiveCfg = Release|Any CPU
		{30B0B14B-1BB9-4F4A-B1C0-E0A02846CD6C}.AppStore|Any CPU.Build.0 = Release|Any CPU
		{30B0B14B-1BB9-4F4A-B1C0-E0A02846CD6C}.AppStore|ARM.ActiveCfg = Release|Any CPU
		{30B0B14B-1BB9-4F4A-B1C0-E0A02846CD6C}.AppStore|ARM.Build.0 = Release|Any CPU
		{30B0B14B-1BB9-4F4A-B1C0-E0A02846CD6C}.AppStore|iPhone.ActiveCfg = Release|Any CPU
		{30B0B14B-1BB9-4F4A-B1C0-E0A02846CD6C}.AppStore|iPhone.Build.0 = Release|Any CPU
		{30B0B14B-1BB9-4F4A-B1C0-E0A02846CD6C}.AppStore|iPhoneSimulator.ActiveCfg = Release|Any CPU
		{30B0B14B-1BB9-4F4A-B1C0-E0A02846CD6C}.AppStore|iPhoneSimulator.Build.0 = Release|Any CPU
		{30B0B14B-1BB9-4F4A-B1C0-E0A02846CD6C}.AppStore|x64.ActiveCfg = Release|Any CPU
		{30B0B14B-1BB9-4F4A-B1C0-E0A02846CD6C}.AppStore|x64.Build.0 = Release|Any CPU
		{30B0B14B-1BB9-4F4A-B1C0-E0A02846CD6C}.AppStore|x86.ActiveCfg = Release|Any CPU
		{30B0B14B-1BB9-4F4A-B1C0-E0A02846CD6C}.AppStore|x86.Build.0 = Release|Any CPU
		{30B0B14B-1BB9-4F4A-B1C0-E0A02846CD6C}.Debug|Any CPU.ActiveCfg = Debug|Any CPU
		{30B0B14B-1BB9-4F4A-B1C0-E0A02846CD6C}.Debug|Any CPU.Build.0 = Debug|Any CPU
		{30B0B14B-1BB9-4F4A-B1C0-E0A02846CD6C}.Debug|ARM.ActiveCfg = Debug|Any CPU
		{30B0B14B-1BB9-4F4A-B1C0-E0A02846CD6C}.Debug|ARM.Build.0 = Debug|Any CPU
		{30B0B14B-1BB9-4F4A-B1C0-E0A02846CD6C}.Debug|iPhone.ActiveCfg = Debug|Any CPU
		{30B0B14B-1BB9-4F4A-B1C0-E0A02846CD6C}.Debug|iPhone.Build.0 = Debug|Any CPU
		{30B0B14B-1BB9-4F4A-B1C0-E0A02846CD6C}.Debug|iPhoneSimulator.ActiveCfg = Debug|Any CPU
		{30B0B14B-1BB9-4F4A-B1C0-E0A02846CD6C}.Debug|iPhoneSimulator.Build.0 = Debug|Any CPU
		{30B0B14B-1BB9-4F4A-B1C0-E0A02846CD6C}.Debug|x64.ActiveCfg = Debug|Any CPU
		{30B0B14B-1BB9-4F4A-B1C0-E0A02846CD6C}.Debug|x64.Build.0 = Debug|Any CPU
		{30B0B14B-1BB9-4F4A-B1C0-E0A02846CD6C}.Debug|x86.ActiveCfg = Debug|Any CPU
		{30B0B14B-1BB9-4F4A-B1C0-E0A02846CD6C}.Debug|x86.Build.0 = Debug|Any CPU
		{30B0B14B-1BB9-4F4A-B1C0-E0A02846CD6C}.Release|Any CPU.ActiveCfg = Release|Any CPU
		{30B0B14B-1BB9-4F4A-B1C0-E0A02846CD6C}.Release|Any CPU.Build.0 = Release|Any CPU
		{30B0B14B-1BB9-4F4A-B1C0-E0A02846CD6C}.Release|ARM.ActiveCfg = Release|Any CPU
		{30B0B14B-1BB9-4F4A-B1C0-E0A02846CD6C}.Release|ARM.Build.0 = Release|Any CPU
		{30B0B14B-1BB9-4F4A-B1C0-E0A02846CD6C}.Release|iPhone.ActiveCfg = Release|Any CPU
		{30B0B14B-1BB9-4F4A-B1C0-E0A02846CD6C}.Release|iPhone.Build.0 = Release|Any CPU
		{30B0B14B-1BB9-4F4A-B1C0-E0A02846CD6C}.Release|iPhoneSimulator.ActiveCfg = Release|Any CPU
		{30B0B14B-1BB9-4F4A-B1C0-E0A02846CD6C}.Release|iPhoneSimulator.Build.0 = Release|Any CPU
		{30B0B14B-1BB9-4F4A-B1C0-E0A02846CD6C}.Release|x64.ActiveCfg = Release|Any CPU
		{30B0B14B-1BB9-4F4A-B1C0-E0A02846CD6C}.Release|x64.Build.0 = Release|Any CPU
		{30B0B14B-1BB9-4F4A-B1C0-E0A02846CD6C}.Release|x86.ActiveCfg = Release|Any CPU
		{30B0B14B-1BB9-4F4A-B1C0-E0A02846CD6C}.Release|x86.Build.0 = Release|Any CPU
		{F6FFD4A3-B056-45DF-AF38-EE43EBADAD71}.Ad-Hoc|Any CPU.ActiveCfg = Release|Any CPU
		{F6FFD4A3-B056-45DF-AF38-EE43EBADAD71}.Ad-Hoc|Any CPU.Build.0 = Release|Any CPU
		{F6FFD4A3-B056-45DF-AF38-EE43EBADAD71}.Ad-Hoc|Any CPU.Deploy.0 = Release|Any CPU
		{F6FFD4A3-B056-45DF-AF38-EE43EBADAD71}.Ad-Hoc|ARM.ActiveCfg = Release|Any CPU
		{F6FFD4A3-B056-45DF-AF38-EE43EBADAD71}.Ad-Hoc|ARM.Build.0 = Release|Any CPU
		{F6FFD4A3-B056-45DF-AF38-EE43EBADAD71}.Ad-Hoc|ARM.Deploy.0 = Release|Any CPU
		{F6FFD4A3-B056-45DF-AF38-EE43EBADAD71}.Ad-Hoc|iPhone.ActiveCfg = Release|Any CPU
		{F6FFD4A3-B056-45DF-AF38-EE43EBADAD71}.Ad-Hoc|iPhone.Build.0 = Release|Any CPU
		{F6FFD4A3-B056-45DF-AF38-EE43EBADAD71}.Ad-Hoc|iPhone.Deploy.0 = Release|Any CPU
		{F6FFD4A3-B056-45DF-AF38-EE43EBADAD71}.Ad-Hoc|iPhoneSimulator.ActiveCfg = Release|Any CPU
		{F6FFD4A3-B056-45DF-AF38-EE43EBADAD71}.Ad-Hoc|iPhoneSimulator.Build.0 = Release|Any CPU
		{F6FFD4A3-B056-45DF-AF38-EE43EBADAD71}.Ad-Hoc|iPhoneSimulator.Deploy.0 = Release|Any CPU
		{F6FFD4A3-B056-45DF-AF38-EE43EBADAD71}.Ad-Hoc|x64.ActiveCfg = Release|Any CPU
		{F6FFD4A3-B056-45DF-AF38-EE43EBADAD71}.Ad-Hoc|x64.Build.0 = Release|Any CPU
		{F6FFD4A3-B056-45DF-AF38-EE43EBADAD71}.Ad-Hoc|x64.Deploy.0 = Release|Any CPU
		{F6FFD4A3-B056-45DF-AF38-EE43EBADAD71}.Ad-Hoc|x86.ActiveCfg = Release|Any CPU
		{F6FFD4A3-B056-45DF-AF38-EE43EBADAD71}.Ad-Hoc|x86.Build.0 = Release|Any CPU
		{F6FFD4A3-B056-45DF-AF38-EE43EBADAD71}.Ad-Hoc|x86.Deploy.0 = Release|Any CPU
		{F6FFD4A3-B056-45DF-AF38-EE43EBADAD71}.AppStore|Any CPU.ActiveCfg = Release|Any CPU
		{F6FFD4A3-B056-45DF-AF38-EE43EBADAD71}.AppStore|Any CPU.Build.0 = Release|Any CPU
		{F6FFD4A3-B056-45DF-AF38-EE43EBADAD71}.AppStore|Any CPU.Deploy.0 = Release|Any CPU
		{F6FFD4A3-B056-45DF-AF38-EE43EBADAD71}.AppStore|ARM.ActiveCfg = Release|Any CPU
		{F6FFD4A3-B056-45DF-AF38-EE43EBADAD71}.AppStore|ARM.Build.0 = Release|Any CPU
		{F6FFD4A3-B056-45DF-AF38-EE43EBADAD71}.AppStore|ARM.Deploy.0 = Release|Any CPU
		{F6FFD4A3-B056-45DF-AF38-EE43EBADAD71}.AppStore|iPhone.ActiveCfg = Release|Any CPU
		{F6FFD4A3-B056-45DF-AF38-EE43EBADAD71}.AppStore|iPhone.Build.0 = Release|Any CPU
		{F6FFD4A3-B056-45DF-AF38-EE43EBADAD71}.AppStore|iPhone.Deploy.0 = Release|Any CPU
		{F6FFD4A3-B056-45DF-AF38-EE43EBADAD71}.AppStore|iPhoneSimulator.ActiveCfg = Release|Any CPU
		{F6FFD4A3-B056-45DF-AF38-EE43EBADAD71}.AppStore|iPhoneSimulator.Build.0 = Release|Any CPU
		{F6FFD4A3-B056-45DF-AF38-EE43EBADAD71}.AppStore|iPhoneSimulator.Deploy.0 = Release|Any CPU
		{F6FFD4A3-B056-45DF-AF38-EE43EBADAD71}.AppStore|x64.ActiveCfg = Release|Any CPU
		{F6FFD4A3-B056-45DF-AF38-EE43EBADAD71}.AppStore|x64.Build.0 = Release|Any CPU
		{F6FFD4A3-B056-45DF-AF38-EE43EBADAD71}.AppStore|x64.Deploy.0 = Release|Any CPU
		{F6FFD4A3-B056-45DF-AF38-EE43EBADAD71}.AppStore|x86.ActiveCfg = Release|Any CPU
		{F6FFD4A3-B056-45DF-AF38-EE43EBADAD71}.AppStore|x86.Build.0 = Release|Any CPU
		{F6FFD4A3-B056-45DF-AF38-EE43EBADAD71}.AppStore|x86.Deploy.0 = Release|Any CPU
		{F6FFD4A3-B056-45DF-AF38-EE43EBADAD71}.Debug|Any CPU.ActiveCfg = Debug|Any CPU
		{F6FFD4A3-B056-45DF-AF38-EE43EBADAD71}.Debug|Any CPU.Build.0 = Debug|Any CPU
		{F6FFD4A3-B056-45DF-AF38-EE43EBADAD71}.Debug|Any CPU.Deploy.0 = Debug|Any CPU
		{F6FFD4A3-B056-45DF-AF38-EE43EBADAD71}.Debug|ARM.ActiveCfg = Debug|Any CPU
		{F6FFD4A3-B056-45DF-AF38-EE43EBADAD71}.Debug|ARM.Build.0 = Debug|Any CPU
		{F6FFD4A3-B056-45DF-AF38-EE43EBADAD71}.Debug|ARM.Deploy.0 = Debug|Any CPU
		{F6FFD4A3-B056-45DF-AF38-EE43EBADAD71}.Debug|iPhone.ActiveCfg = Debug|Any CPU
		{F6FFD4A3-B056-45DF-AF38-EE43EBADAD71}.Debug|iPhone.Build.0 = Debug|Any CPU
		{F6FFD4A3-B056-45DF-AF38-EE43EBADAD71}.Debug|iPhone.Deploy.0 = Debug|Any CPU
		{F6FFD4A3-B056-45DF-AF38-EE43EBADAD71}.Debug|iPhoneSimulator.ActiveCfg = Debug|Any CPU
		{F6FFD4A3-B056-45DF-AF38-EE43EBADAD71}.Debug|iPhoneSimulator.Build.0 = Debug|Any CPU
		{F6FFD4A3-B056-45DF-AF38-EE43EBADAD71}.Debug|iPhoneSimulator.Deploy.0 = Debug|Any CPU
		{F6FFD4A3-B056-45DF-AF38-EE43EBADAD71}.Debug|x64.ActiveCfg = Debug|Any CPU
		{F6FFD4A3-B056-45DF-AF38-EE43EBADAD71}.Debug|x64.Build.0 = Debug|Any CPU
		{F6FFD4A3-B056-45DF-AF38-EE43EBADAD71}.Debug|x64.Deploy.0 = Debug|Any CPU
		{F6FFD4A3-B056-45DF-AF38-EE43EBADAD71}.Debug|x86.ActiveCfg = Debug|Any CPU
		{F6FFD4A3-B056-45DF-AF38-EE43EBADAD71}.Debug|x86.Build.0 = Debug|Any CPU
		{F6FFD4A3-B056-45DF-AF38-EE43EBADAD71}.Debug|x86.Deploy.0 = Debug|Any CPU
		{F6FFD4A3-B056-45DF-AF38-EE43EBADAD71}.Release|Any CPU.ActiveCfg = Release|Any CPU
		{F6FFD4A3-B056-45DF-AF38-EE43EBADAD71}.Release|Any CPU.Build.0 = Release|Any CPU
		{F6FFD4A3-B056-45DF-AF38-EE43EBADAD71}.Release|Any CPU.Deploy.0 = Release|Any CPU
		{F6FFD4A3-B056-45DF-AF38-EE43EBADAD71}.Release|ARM.ActiveCfg = Release|Any CPU
		{F6FFD4A3-B056-45DF-AF38-EE43EBADAD71}.Release|ARM.Build.0 = Release|Any CPU
		{F6FFD4A3-B056-45DF-AF38-EE43EBADAD71}.Release|ARM.Deploy.0 = Release|Any CPU
		{F6FFD4A3-B056-45DF-AF38-EE43EBADAD71}.Release|iPhone.ActiveCfg = Release|Any CPU
		{F6FFD4A3-B056-45DF-AF38-EE43EBADAD71}.Release|iPhone.Build.0 = Release|Any CPU
		{F6FFD4A3-B056-45DF-AF38-EE43EBADAD71}.Release|iPhone.Deploy.0 = Release|Any CPU
		{F6FFD4A3-B056-45DF-AF38-EE43EBADAD71}.Release|iPhoneSimulator.ActiveCfg = Release|Any CPU
		{F6FFD4A3-B056-45DF-AF38-EE43EBADAD71}.Release|iPhoneSimulator.Build.0 = Release|Any CPU
		{F6FFD4A3-B056-45DF-AF38-EE43EBADAD71}.Release|iPhoneSimulator.Deploy.0 = Release|Any CPU
		{F6FFD4A3-B056-45DF-AF38-EE43EBADAD71}.Release|x64.ActiveCfg = Release|Any CPU
		{F6FFD4A3-B056-45DF-AF38-EE43EBADAD71}.Release|x64.Build.0 = Release|Any CPU
		{F6FFD4A3-B056-45DF-AF38-EE43EBADAD71}.Release|x64.Deploy.0 = Release|Any CPU
		{F6FFD4A3-B056-45DF-AF38-EE43EBADAD71}.Release|x86.ActiveCfg = Release|Any CPU
		{F6FFD4A3-B056-45DF-AF38-EE43EBADAD71}.Release|x86.Build.0 = Release|Any CPU
		{F6FFD4A3-B056-45DF-AF38-EE43EBADAD71}.Release|x86.Deploy.0 = Release|Any CPU
		{18C955F3-53A0-4691-9E9B-0F9E93036FEA}.Ad-Hoc|Any CPU.ActiveCfg = Ad-Hoc|iPhone
		{18C955F3-53A0-4691-9E9B-0F9E93036FEA}.Ad-Hoc|ARM.ActiveCfg = Ad-Hoc|iPhone
		{18C955F3-53A0-4691-9E9B-0F9E93036FEA}.Ad-Hoc|iPhone.ActiveCfg = Ad-Hoc|iPhone
		{18C955F3-53A0-4691-9E9B-0F9E93036FEA}.Ad-Hoc|iPhone.Build.0 = Ad-Hoc|iPhone
		{18C955F3-53A0-4691-9E9B-0F9E93036FEA}.Ad-Hoc|iPhoneSimulator.ActiveCfg = Ad-Hoc|iPhoneSimulator
		{18C955F3-53A0-4691-9E9B-0F9E93036FEA}.Ad-Hoc|iPhoneSimulator.Build.0 = Ad-Hoc|iPhoneSimulator
		{18C955F3-53A0-4691-9E9B-0F9E93036FEA}.Ad-Hoc|x64.ActiveCfg = Ad-Hoc|iPhone
		{18C955F3-53A0-4691-9E9B-0F9E93036FEA}.Ad-Hoc|x86.ActiveCfg = Ad-Hoc|iPhone
		{18C955F3-53A0-4691-9E9B-0F9E93036FEA}.AppStore|Any CPU.ActiveCfg = AppStore|iPhone
		{18C955F3-53A0-4691-9E9B-0F9E93036FEA}.AppStore|ARM.ActiveCfg = AppStore|iPhone
		{18C955F3-53A0-4691-9E9B-0F9E93036FEA}.AppStore|iPhone.ActiveCfg = AppStore|iPhone
		{18C955F3-53A0-4691-9E9B-0F9E93036FEA}.AppStore|iPhone.Build.0 = AppStore|iPhone
		{18C955F3-53A0-4691-9E9B-0F9E93036FEA}.AppStore|iPhoneSimulator.ActiveCfg = AppStore|iPhoneSimulator
		{18C955F3-53A0-4691-9E9B-0F9E93036FEA}.AppStore|iPhoneSimulator.Build.0 = AppStore|iPhoneSimulator
		{18C955F3-53A0-4691-9E9B-0F9E93036FEA}.AppStore|x64.ActiveCfg = AppStore|iPhone
		{18C955F3-53A0-4691-9E9B-0F9E93036FEA}.AppStore|x86.ActiveCfg = AppStore|iPhone
		{18C955F3-53A0-4691-9E9B-0F9E93036FEA}.Debug|Any CPU.ActiveCfg = Debug|iPhone
		{18C955F3-53A0-4691-9E9B-0F9E93036FEA}.Debug|ARM.ActiveCfg = Debug|iPhone
		{18C955F3-53A0-4691-9E9B-0F9E93036FEA}.Debug|iPhone.ActiveCfg = Debug|iPhone
		{18C955F3-53A0-4691-9E9B-0F9E93036FEA}.Debug|iPhone.Build.0 = Debug|iPhone
		{18C955F3-53A0-4691-9E9B-0F9E93036FEA}.Debug|iPhoneSimulator.ActiveCfg = Debug|iPhoneSimulator
		{18C955F3-53A0-4691-9E9B-0F9E93036FEA}.Debug|iPhoneSimulator.Build.0 = Debug|iPhoneSimulator
		{18C955F3-53A0-4691-9E9B-0F9E93036FEA}.Debug|x64.ActiveCfg = Debug|iPhone
		{18C955F3-53A0-4691-9E9B-0F9E93036FEA}.Debug|x86.ActiveCfg = Debug|iPhone
		{18C955F3-53A0-4691-9E9B-0F9E93036FEA}.Release|Any CPU.ActiveCfg = Release|iPhone
		{18C955F3-53A0-4691-9E9B-0F9E93036FEA}.Release|ARM.ActiveCfg = Release|iPhone
		{18C955F3-53A0-4691-9E9B-0F9E93036FEA}.Release|iPhone.ActiveCfg = Release|iPhone
		{18C955F3-53A0-4691-9E9B-0F9E93036FEA}.Release|iPhone.Build.0 = Release|iPhone
		{18C955F3-53A0-4691-9E9B-0F9E93036FEA}.Release|iPhoneSimulator.ActiveCfg = Release|iPhoneSimulator
		{18C955F3-53A0-4691-9E9B-0F9E93036FEA}.Release|iPhoneSimulator.Build.0 = Release|iPhoneSimulator
		{18C955F3-53A0-4691-9E9B-0F9E93036FEA}.Release|x64.ActiveCfg = Release|iPhone
		{18C955F3-53A0-4691-9E9B-0F9E93036FEA}.Release|x86.ActiveCfg = Release|iPhone
		{09ECF6EC-5AA9-45B5-ACF1-1456955D32B4}.Ad-Hoc|Any CPU.ActiveCfg = Release|Any CPU
		{09ECF6EC-5AA9-45B5-ACF1-1456955D32B4}.Ad-Hoc|Any CPU.Build.0 = Release|Any CPU
		{09ECF6EC-5AA9-45B5-ACF1-1456955D32B4}.Ad-Hoc|Any CPU.Deploy.0 = Release|Any CPU
		{09ECF6EC-5AA9-45B5-ACF1-1456955D32B4}.Ad-Hoc|ARM.ActiveCfg = Release|ARM
		{09ECF6EC-5AA9-45B5-ACF1-1456955D32B4}.Ad-Hoc|ARM.Build.0 = Release|ARM
		{09ECF6EC-5AA9-45B5-ACF1-1456955D32B4}.Ad-Hoc|ARM.Deploy.0 = Release|ARM
		{09ECF6EC-5AA9-45B5-ACF1-1456955D32B4}.Ad-Hoc|iPhone.ActiveCfg = Release|Any CPU
		{09ECF6EC-5AA9-45B5-ACF1-1456955D32B4}.Ad-Hoc|iPhone.Build.0 = Release|Any CPU
		{09ECF6EC-5AA9-45B5-ACF1-1456955D32B4}.Ad-Hoc|iPhone.Deploy.0 = Release|Any CPU
		{09ECF6EC-5AA9-45B5-ACF1-1456955D32B4}.Ad-Hoc|iPhoneSimulator.ActiveCfg = Release|Any CPU
		{09ECF6EC-5AA9-45B5-ACF1-1456955D32B4}.Ad-Hoc|iPhoneSimulator.Build.0 = Release|Any CPU
		{09ECF6EC-5AA9-45B5-ACF1-1456955D32B4}.Ad-Hoc|iPhoneSimulator.Deploy.0 = Release|Any CPU
		{09ECF6EC-5AA9-45B5-ACF1-1456955D32B4}.Ad-Hoc|x64.ActiveCfg = Release|Any CPU
		{09ECF6EC-5AA9-45B5-ACF1-1456955D32B4}.Ad-Hoc|x64.Build.0 = Release|Any CPU
		{09ECF6EC-5AA9-45B5-ACF1-1456955D32B4}.Ad-Hoc|x64.Deploy.0 = Release|Any CPU
		{09ECF6EC-5AA9-45B5-ACF1-1456955D32B4}.Ad-Hoc|x86.ActiveCfg = Release|x86
		{09ECF6EC-5AA9-45B5-ACF1-1456955D32B4}.Ad-Hoc|x86.Build.0 = Release|x86
		{09ECF6EC-5AA9-45B5-ACF1-1456955D32B4}.Ad-Hoc|x86.Deploy.0 = Release|x86
		{09ECF6EC-5AA9-45B5-ACF1-1456955D32B4}.AppStore|Any CPU.ActiveCfg = Release|Any CPU
		{09ECF6EC-5AA9-45B5-ACF1-1456955D32B4}.AppStore|Any CPU.Build.0 = Release|Any CPU
		{09ECF6EC-5AA9-45B5-ACF1-1456955D32B4}.AppStore|Any CPU.Deploy.0 = Release|Any CPU
		{09ECF6EC-5AA9-45B5-ACF1-1456955D32B4}.AppStore|ARM.ActiveCfg = Release|ARM
		{09ECF6EC-5AA9-45B5-ACF1-1456955D32B4}.AppStore|ARM.Build.0 = Release|ARM
		{09ECF6EC-5AA9-45B5-ACF1-1456955D32B4}.AppStore|ARM.Deploy.0 = Release|ARM
		{09ECF6EC-5AA9-45B5-ACF1-1456955D32B4}.AppStore|iPhone.ActiveCfg = Release|Any CPU
		{09ECF6EC-5AA9-45B5-ACF1-1456955D32B4}.AppStore|iPhone.Build.0 = Release|Any CPU
		{09ECF6EC-5AA9-45B5-ACF1-1456955D32B4}.AppStore|iPhone.Deploy.0 = Release|Any CPU
		{09ECF6EC-5AA9-45B5-ACF1-1456955D32B4}.AppStore|iPhoneSimulator.ActiveCfg = Release|Any CPU
		{09ECF6EC-5AA9-45B5-ACF1-1456955D32B4}.AppStore|iPhoneSimulator.Build.0 = Release|Any CPU
		{09ECF6EC-5AA9-45B5-ACF1-1456955D32B4}.AppStore|iPhoneSimulator.Deploy.0 = Release|Any CPU
		{09ECF6EC-5AA9-45B5-ACF1-1456955D32B4}.AppStore|x64.ActiveCfg = Release|Any CPU
		{09ECF6EC-5AA9-45B5-ACF1-1456955D32B4}.AppStore|x64.Build.0 = Release|Any CPU
		{09ECF6EC-5AA9-45B5-ACF1-1456955D32B4}.AppStore|x64.Deploy.0 = Release|Any CPU
		{09ECF6EC-5AA9-45B5-ACF1-1456955D32B4}.AppStore|x86.ActiveCfg = Release|x86
		{09ECF6EC-5AA9-45B5-ACF1-1456955D32B4}.AppStore|x86.Build.0 = Release|x86
		{09ECF6EC-5AA9-45B5-ACF1-1456955D32B4}.AppStore|x86.Deploy.0 = Release|x86
		{09ECF6EC-5AA9-45B5-ACF1-1456955D32B4}.Debug|Any CPU.ActiveCfg = Debug|Any CPU
		{09ECF6EC-5AA9-45B5-ACF1-1456955D32B4}.Debug|Any CPU.Build.0 = Debug|Any CPU
		{09ECF6EC-5AA9-45B5-ACF1-1456955D32B4}.Debug|Any CPU.Deploy.0 = Debug|Any CPU
		{09ECF6EC-5AA9-45B5-ACF1-1456955D32B4}.Debug|ARM.ActiveCfg = Debug|ARM
		{09ECF6EC-5AA9-45B5-ACF1-1456955D32B4}.Debug|ARM.Build.0 = Debug|ARM
		{09ECF6EC-5AA9-45B5-ACF1-1456955D32B4}.Debug|ARM.Deploy.0 = Debug|ARM
		{09ECF6EC-5AA9-45B5-ACF1-1456955D32B4}.Debug|iPhone.ActiveCfg = Debug|Any CPU
		{09ECF6EC-5AA9-45B5-ACF1-1456955D32B4}.Debug|iPhone.Build.0 = Debug|Any CPU
		{09ECF6EC-5AA9-45B5-ACF1-1456955D32B4}.Debug|iPhone.Deploy.0 = Debug|Any CPU
		{09ECF6EC-5AA9-45B5-ACF1-1456955D32B4}.Debug|iPhoneSimulator.ActiveCfg = Debug|Any CPU
		{09ECF6EC-5AA9-45B5-ACF1-1456955D32B4}.Debug|iPhoneSimulator.Build.0 = Debug|Any CPU
		{09ECF6EC-5AA9-45B5-ACF1-1456955D32B4}.Debug|iPhoneSimulator.Deploy.0 = Debug|Any CPU
		{09ECF6EC-5AA9-45B5-ACF1-1456955D32B4}.Debug|x64.ActiveCfg = Debug|Any CPU
		{09ECF6EC-5AA9-45B5-ACF1-1456955D32B4}.Debug|x64.Build.0 = Debug|Any CPU
		{09ECF6EC-5AA9-45B5-ACF1-1456955D32B4}.Debug|x64.Deploy.0 = Debug|Any CPU
		{09ECF6EC-5AA9-45B5-ACF1-1456955D32B4}.Debug|x86.ActiveCfg = Debug|x86
		{09ECF6EC-5AA9-45B5-ACF1-1456955D32B4}.Debug|x86.Build.0 = Debug|x86
		{09ECF6EC-5AA9-45B5-ACF1-1456955D32B4}.Debug|x86.Deploy.0 = Debug|x86
		{09ECF6EC-5AA9-45B5-ACF1-1456955D32B4}.Release|Any CPU.ActiveCfg = Release|Any CPU
		{09ECF6EC-5AA9-45B5-ACF1-1456955D32B4}.Release|Any CPU.Build.0 = Release|Any CPU
		{09ECF6EC-5AA9-45B5-ACF1-1456955D32B4}.Release|Any CPU.Deploy.0 = Release|Any CPU
		{09ECF6EC-5AA9-45B5-ACF1-1456955D32B4}.Release|ARM.ActiveCfg = Release|ARM
		{09ECF6EC-5AA9-45B5-ACF1-1456955D32B4}.Release|ARM.Build.0 = Release|ARM
		{09ECF6EC-5AA9-45B5-ACF1-1456955D32B4}.Release|ARM.Deploy.0 = Release|ARM
		{09ECF6EC-5AA9-45B5-ACF1-1456955D32B4}.Release|iPhone.ActiveCfg = Release|Any CPU
		{09ECF6EC-5AA9-45B5-ACF1-1456955D32B4}.Release|iPhone.Build.0 = Release|Any CPU
		{09ECF6EC-5AA9-45B5-ACF1-1456955D32B4}.Release|iPhone.Deploy.0 = Release|Any CPU
		{09ECF6EC-5AA9-45B5-ACF1-1456955D32B4}.Release|iPhoneSimulator.ActiveCfg = Release|Any CPU
		{09ECF6EC-5AA9-45B5-ACF1-1456955D32B4}.Release|iPhoneSimulator.Build.0 = Release|Any CPU
		{09ECF6EC-5AA9-45B5-ACF1-1456955D32B4}.Release|iPhoneSimulator.Deploy.0 = Release|Any CPU
		{09ECF6EC-5AA9-45B5-ACF1-1456955D32B4}.Release|x64.ActiveCfg = Release|Any CPU
		{09ECF6EC-5AA9-45B5-ACF1-1456955D32B4}.Release|x64.Build.0 = Release|Any CPU
		{09ECF6EC-5AA9-45B5-ACF1-1456955D32B4}.Release|x64.Deploy.0 = Release|Any CPU
		{09ECF6EC-5AA9-45B5-ACF1-1456955D32B4}.Release|x86.ActiveCfg = Release|x86
		{09ECF6EC-5AA9-45B5-ACF1-1456955D32B4}.Release|x86.Build.0 = Release|x86
		{09ECF6EC-5AA9-45B5-ACF1-1456955D32B4}.Release|x86.Deploy.0 = Release|x86
		{310D2525-36A3-4C9D-A4FF-431224E949BD}.Ad-Hoc|Any CPU.ActiveCfg = Release|Any CPU
		{310D2525-36A3-4C9D-A4FF-431224E949BD}.Ad-Hoc|Any CPU.Build.0 = Release|Any CPU
		{310D2525-36A3-4C9D-A4FF-431224E949BD}.Ad-Hoc|Any CPU.Deploy.0 = Release|Any CPU
		{310D2525-36A3-4C9D-A4FF-431224E949BD}.Ad-Hoc|ARM.ActiveCfg = Release|ARM
		{310D2525-36A3-4C9D-A4FF-431224E949BD}.Ad-Hoc|ARM.Build.0 = Release|ARM
		{310D2525-36A3-4C9D-A4FF-431224E949BD}.Ad-Hoc|ARM.Deploy.0 = Release|ARM
		{310D2525-36A3-4C9D-A4FF-431224E949BD}.Ad-Hoc|iPhone.ActiveCfg = Release|Any CPU
		{310D2525-36A3-4C9D-A4FF-431224E949BD}.Ad-Hoc|iPhone.Build.0 = Release|Any CPU
		{310D2525-36A3-4C9D-A4FF-431224E949BD}.Ad-Hoc|iPhone.Deploy.0 = Release|Any CPU
		{310D2525-36A3-4C9D-A4FF-431224E949BD}.Ad-Hoc|iPhoneSimulator.ActiveCfg = Release|Any CPU
		{310D2525-36A3-4C9D-A4FF-431224E949BD}.Ad-Hoc|iPhoneSimulator.Build.0 = Release|Any CPU
		{310D2525-36A3-4C9D-A4FF-431224E949BD}.Ad-Hoc|iPhoneSimulator.Deploy.0 = Release|Any CPU
		{310D2525-36A3-4C9D-A4FF-431224E949BD}.Ad-Hoc|x64.ActiveCfg = Release|x64
		{310D2525-36A3-4C9D-A4FF-431224E949BD}.Ad-Hoc|x64.Build.0 = Release|x64
		{310D2525-36A3-4C9D-A4FF-431224E949BD}.Ad-Hoc|x64.Deploy.0 = Release|x64
		{310D2525-36A3-4C9D-A4FF-431224E949BD}.Ad-Hoc|x86.ActiveCfg = Release|x86
		{310D2525-36A3-4C9D-A4FF-431224E949BD}.Ad-Hoc|x86.Build.0 = Release|x86
		{310D2525-36A3-4C9D-A4FF-431224E949BD}.Ad-Hoc|x86.Deploy.0 = Release|x86
		{310D2525-36A3-4C9D-A4FF-431224E949BD}.AppStore|Any CPU.ActiveCfg = Release|Any CPU
		{310D2525-36A3-4C9D-A4FF-431224E949BD}.AppStore|Any CPU.Build.0 = Release|Any CPU
		{310D2525-36A3-4C9D-A4FF-431224E949BD}.AppStore|Any CPU.Deploy.0 = Release|Any CPU
		{310D2525-36A3-4C9D-A4FF-431224E949BD}.AppStore|ARM.ActiveCfg = Release|ARM
		{310D2525-36A3-4C9D-A4FF-431224E949BD}.AppStore|ARM.Build.0 = Release|ARM
		{310D2525-36A3-4C9D-A4FF-431224E949BD}.AppStore|ARM.Deploy.0 = Release|ARM
		{310D2525-36A3-4C9D-A4FF-431224E949BD}.AppStore|iPhone.ActiveCfg = Release|Any CPU
		{310D2525-36A3-4C9D-A4FF-431224E949BD}.AppStore|iPhone.Build.0 = Release|Any CPU
		{310D2525-36A3-4C9D-A4FF-431224E949BD}.AppStore|iPhone.Deploy.0 = Release|Any CPU
		{310D2525-36A3-4C9D-A4FF-431224E949BD}.AppStore|iPhoneSimulator.ActiveCfg = Release|Any CPU
		{310D2525-36A3-4C9D-A4FF-431224E949BD}.AppStore|iPhoneSimulator.Build.0 = Release|Any CPU
		{310D2525-36A3-4C9D-A4FF-431224E949BD}.AppStore|iPhoneSimulator.Deploy.0 = Release|Any CPU
		{310D2525-36A3-4C9D-A4FF-431224E949BD}.AppStore|x64.ActiveCfg = Release|x64
		{310D2525-36A3-4C9D-A4FF-431224E949BD}.AppStore|x64.Build.0 = Release|x64
		{310D2525-36A3-4C9D-A4FF-431224E949BD}.AppStore|x64.Deploy.0 = Release|x64
		{310D2525-36A3-4C9D-A4FF-431224E949BD}.AppStore|x86.ActiveCfg = Release|x86
		{310D2525-36A3-4C9D-A4FF-431224E949BD}.AppStore|x86.Build.0 = Release|x86
		{310D2525-36A3-4C9D-A4FF-431224E949BD}.AppStore|x86.Deploy.0 = Release|x86
		{310D2525-36A3-4C9D-A4FF-431224E949BD}.Debug|Any CPU.ActiveCfg = Debug|Any CPU
		{310D2525-36A3-4C9D-A4FF-431224E949BD}.Debug|Any CPU.Build.0 = Debug|Any CPU
		{310D2525-36A3-4C9D-A4FF-431224E949BD}.Debug|Any CPU.Deploy.0 = Debug|Any CPU
		{310D2525-36A3-4C9D-A4FF-431224E949BD}.Debug|ARM.ActiveCfg = Debug|ARM
		{310D2525-36A3-4C9D-A4FF-431224E949BD}.Debug|ARM.Build.0 = Debug|ARM
		{310D2525-36A3-4C9D-A4FF-431224E949BD}.Debug|ARM.Deploy.0 = Debug|ARM
		{310D2525-36A3-4C9D-A4FF-431224E949BD}.Debug|iPhone.ActiveCfg = Debug|Any CPU
		{310D2525-36A3-4C9D-A4FF-431224E949BD}.Debug|iPhone.Build.0 = Debug|Any CPU
		{310D2525-36A3-4C9D-A4FF-431224E949BD}.Debug|iPhone.Deploy.0 = Debug|Any CPU
		{310D2525-36A3-4C9D-A4FF-431224E949BD}.Debug|iPhoneSimulator.ActiveCfg = Debug|Any CPU
		{310D2525-36A3-4C9D-A4FF-431224E949BD}.Debug|iPhoneSimulator.Build.0 = Debug|Any CPU
		{310D2525-36A3-4C9D-A4FF-431224E949BD}.Debug|iPhoneSimulator.Deploy.0 = Debug|Any CPU
		{310D2525-36A3-4C9D-A4FF-431224E949BD}.Debug|x64.ActiveCfg = Debug|x64
		{310D2525-36A3-4C9D-A4FF-431224E949BD}.Debug|x64.Build.0 = Debug|x64
		{310D2525-36A3-4C9D-A4FF-431224E949BD}.Debug|x64.Deploy.0 = Debug|x64
		{310D2525-36A3-4C9D-A4FF-431224E949BD}.Debug|x86.ActiveCfg = Debug|x86
		{310D2525-36A3-4C9D-A4FF-431224E949BD}.Debug|x86.Build.0 = Debug|x86
		{310D2525-36A3-4C9D-A4FF-431224E949BD}.Debug|x86.Deploy.0 = Debug|x86
		{310D2525-36A3-4C9D-A4FF-431224E949BD}.Release|Any CPU.ActiveCfg = Release|Any CPU
		{310D2525-36A3-4C9D-A4FF-431224E949BD}.Release|Any CPU.Build.0 = Release|Any CPU
		{310D2525-36A3-4C9D-A4FF-431224E949BD}.Release|Any CPU.Deploy.0 = Release|Any CPU
		{310D2525-36A3-4C9D-A4FF-431224E949BD}.Release|ARM.ActiveCfg = Release|ARM
		{310D2525-36A3-4C9D-A4FF-431224E949BD}.Release|ARM.Build.0 = Release|ARM
		{310D2525-36A3-4C9D-A4FF-431224E949BD}.Release|ARM.Deploy.0 = Release|ARM
		{310D2525-36A3-4C9D-A4FF-431224E949BD}.Release|iPhone.ActiveCfg = Release|Any CPU
		{310D2525-36A3-4C9D-A4FF-431224E949BD}.Release|iPhone.Build.0 = Release|Any CPU
		{310D2525-36A3-4C9D-A4FF-431224E949BD}.Release|iPhone.Deploy.0 = Release|Any CPU
		{310D2525-36A3-4C9D-A4FF-431224E949BD}.Release|iPhoneSimulator.ActiveCfg = Release|Any CPU
		{310D2525-36A3-4C9D-A4FF-431224E949BD}.Release|iPhoneSimulator.Build.0 = Release|Any CPU
		{310D2525-36A3-4C9D-A4FF-431224E949BD}.Release|iPhoneSimulator.Deploy.0 = Release|Any CPU
		{310D2525-36A3-4C9D-A4FF-431224E949BD}.Release|x64.ActiveCfg = Release|x64
		{310D2525-36A3-4C9D-A4FF-431224E949BD}.Release|x64.Build.0 = Release|x64
		{310D2525-36A3-4C9D-A4FF-431224E949BD}.Release|x64.Deploy.0 = Release|x64
		{310D2525-36A3-4C9D-A4FF-431224E949BD}.Release|x86.ActiveCfg = Release|x86
		{310D2525-36A3-4C9D-A4FF-431224E949BD}.Release|x86.Build.0 = Release|x86
		{310D2525-36A3-4C9D-A4FF-431224E949BD}.Release|x86.Deploy.0 = Release|x86
	EndGlobalSection
	GlobalSection(SolutionProperties) = preSolution
		HideSolutionNode = FALSE
	EndGlobalSection
EndGlobal
